{
  "name": "sats402-mutinynet-live-demo",
  "version": "0.4.0",
  "lockfileVersion": 3,
  "requires": true,
  "packages": {
    "": {
      "name": "sats402-mutinynet-live-demo",
      "version": "0.4.0",
      "license": "UNLICENSED",
      "engines": {
        "node": ">=20.0.0"
      }
    }
  }
}
